
Microsoft Visual Studio Solution File, Format Version 12.00
# Visual Studio Version 16
VisualStudioVersion = 16.0.29806.167
MinimumVisualStudioVersion = 10.0.40219.1
Project("{9A19103F-16F7-4668-BE54-9A1E7A4F7556}") = "ExchangeRates", "ExchangeRates\ExchangeRates.csproj", "{AAD46E6D-F067-4DC0-980D-F13ACBD2C571}"
EndProject
Global
	GlobalSection(SolutionConfigurationPlatforms) = preSolution
		Debug|Any CPU = Debug|Any CPU
		Release|Any CPU = Release|Any CPU
	EndGlobalSection
	GlobalSection(ProjectConfigurationPlatforms) = postSolution
		{AAD46E6D-F067-4DC0-980D-F13ACBD2C571}.Debug|Any CPU.ActiveCfg = Debug|Any CPU
		{AAD46E6D-F067-4DC0-980D-F13ACBD2C571}.Debug|Any CPU.Build.0 = Debug|Any CPU
		{AAD46E6D-F067-4DC0-980D-F13ACBD2C571}.Release|Any CPU.ActiveCfg = Release|Any CPU
		{AAD46E6D-F067-4DC0-980D-F13ACBD2C571}.Release|Any CPU.Build.0 = Release|Any CPU
	EndGlobalSection
	GlobalSection(SolutionProperties) = preSolution
		HideSolutionNode = FALSE
	EndGlobalSection
	GlobalSection(ExtensibilityGlobals) = postSolution
		SolutionGuid = {825D419A-A067-4960-855C-18E04C533D06}
	EndGlobalSection
EndGlobal
